Microsoft Visual Studio Solution File, Format Version 12.00
# Visual Studio Version 17
VisualStudioVersion = 17.5.2.0
MinimumVisualStudioVersion = 10.0.40219.1
Project("{FAE04EC0-301F-11D3-BF4B-00C04F79EFBC}") = "DotnetUI", "DotnetUI.csproj", "{CEE8DD99-4105-1AAA-02BD-8277DBEA526A}"
EndProject
Global
	GlobalSection(SolutionConfigurationPlatforms) = preSolution
		Debug|Any CPU = Debug|Any CPU
		Release|Any CPU = Release|Any CPU
	EndGlobalSection
	GlobalSection(ProjectConfigurationPlatforms) = postSolution
		{CEE8DD99-4105-1AAA-02BD-8277DBEA526A}.Debug|Any CPU.ActiveCfg = Debug|Any CPU
		{CEE8DD99-4105-1AAA-02BD-8277DBEA526A}.Debug|Any CPU.Build.0 = Debug|Any CPU
		{CEE8DD99-4105-1AAA-02BD-8277DBEA526A}.Release|Any CPU.ActiveCfg = Release|Any CPU
		{CEE8DD99-4105-1AAA-02BD-8277DBEA526A}.Release|Any CPU.Build.0 = Release|Any CPU
	EndGlobalSection
	GlobalSection(SolutionProperties) = preSolution
		HideSolutionNode = FALSE
	EndGlobalSection
	GlobalSection(ExtensibilityGlobals) = postSolution
		SolutionGuid = {D088B2C9-99FD-49E8-902F-C6760FDDBC29}
	EndGlobalSection
EndGlobal
